// !$*UTF8*$!
{
	archiveVersion = 1;
	classes = {
	};
	objectVersion = 50;
	objects = {

/* Begin PBXBuildFile section */
		2D23447821C752AF00CE4450 /* AppDelegate.swift in Sources */ = {isa = PBXBuildFile; fileRef = 2D23447721C752AF00CE4450 /* AppDelegate.swift */; };
		2D23447D21C752B000CE4450 /* Main.storyboard in Resources */ = {isa = PBXBuildFile; fileRef = 2D23447B21C752B000CE4450 /* Main.storyboard */; };
		2D23447F21C752CB00CE4450 /* Assets.xcassets in Resources */ = {isa = PBXBuildFile; fileRef = 2D23447E21C752CB00CE4450 /* Assets.xcassets */; };
		2D23448221C752CB00CE4450 /* LaunchScreen.storyboard in Resources */ = {isa = PBXBuildFile; fileRef = 2D23448021C752CB00CE4450 /* LaunchScreen.storyboard */; };
		2D23448C21C7B02200CE4450 /* DatePickerTableViewController.swift in Sources */ = {isa = PBXBuildFile; fileRef = 2D23448B21C7B02200CE4450 /* DatePickerTableViewController.swift */; };
		2D5EEA9421CA2ACA003B01FD /* ViewController.swift in Sources */ = {isa = PBXBuildFile; fileRef = 2D5EEA9321CA2ACA003B01FD /* ViewController.swift */; };
		2D5EEA9621CA2C2C003B01FD /* DatePickerViewController.swift in Sources */ = {isa = PBXBuildFile; fileRef = 2D5EEA9521CA2C2C003B01FD /* DatePickerViewController.swift */; };
		2DEC360E21CB4A4D0006A69C /* UISetting.swift in Sources */ = {isa = PBXBuildFile; fileRef = 2DEC360D21CB4A4D0006A69C /* UISetting.swift */; };
/* End PBXBuildFile section */

/* Begin PBXFileReference section */
		2D23447421C752AF00CE4450 /* datePickerTableView.app */ = {isa = PBXFileReference; explicitFileType = wrapper.application; includeInIndex = 0; path = datePickerTableView.app; sourceTree = BUILT_PRODUCTS_DIR; };
		2D23447721C752AF00CE4450 /* AppDelegate.swift */ = {isa = PBXFileReference; lastKnownFileType = sourcecode.swift; path = AppDelegate.swift; sourceTree = "<group>"; };
		2D23447C21C752B000CE4450 /* Base */ = {isa = PBXFileReference; lastKnownFileType = file.storyboard; name = Base; path = Base.lproj/Main.storyboard; sourceTree = "<group>"; };
		2D23447E21C752CB00CE4450 /* Assets.xcassets */ = {isa = PBXFileReference; lastKnownFileType = folder.assetcatalog; path = Assets.xcassets; sourceTree = "<group>"; };
		2D23448121C752CB00CE4450 /* Base */ = {isa = PBXFileReference; lastKnownFileType = file.storyboard; name = Base; path = Base.lproj/LaunchScreen.storyboard; sourceTree = "<group>"; };
		2D23448321C752CB00CE4450 /* Info.plist */ = {isa = PBXFileReference; lastKnownFileType = text.plist.xml; path = Info.plist; sourceTree = "<group>"; };
		2D23448B21C7B02200CE4450 /* DatePickerTableViewController.swift */ = {isa = PBXFileReference; lastKnownFileType = sourcecode.swift; path = DatePickerTableViewController.swift; sourceTree = "<group>"; };
		2D5EEA9321CA2ACA003B01FD /* ViewController.swift */ = {isa = PBXFileReference; lastKnownFileType = sourcecode.swift; path = ViewController.swift; sourceTree = "<group>"; };
		2D5EEA9521CA2C2C003B01FD /* DatePickerViewController.swift */ = {isa = PBXFileReference; lastKnownFileType = sourcecode.swift; path = DatePickerViewController.swift; sourceTree = "<group>"; };
		2DEC360D21CB4A4D0006A69C /* UISetting.swift */ = {isa = PBXFileReference; lastKnownFileType = sourcecode.swift; path = UISetting.swift; sourceTree = "<group>"; };
/* End PBXFileReference section */

/* Begin PBXFrameworksBuildPhase section */
		2D23447121C752AF00CE4450 /* Frameworks */ = {
			isa = PBXFrameworksBuildPhase;
			buildActionMask = 2147483647;
			files = (
			);
			runOnlyForDeploymentPostprocessing = 0;
		};
/* End PBXFrameworksBuildPhase section */

/* Begin PBXGroup section */
		2D23446B21C752AF00CE4450 = {
			isa = PBXGroup;
			children = (
				2D23447621C752AF00CE4450 /* datePickerTableView */,
				2D23447521C752AF00CE4450 /* Products */,
			);
			sourceTree = "<group>";
		};
		2D23447521C752AF00CE4450 /* Products */ = {
			isa = PBXGroup;
			children = (
				2D23447421C752AF00CE4450 /* datePickerTableView.app */,
			);
			name = Products;
			sourceTree = "<group>";
		};
		2D23447621C752AF00CE4450 /* datePickerTableView */ = {
			isa = PBXGroup;
			children = (
				2D23447721C752AF00CE4450 /* AppDelegate.swift */,
				2D23448B21C7B02200CE4450 /* DatePickerTableViewController.swift */,
				2D5EEA9321CA2ACA003B01FD /* ViewController.swift */,
				2D5EEA9521CA2C2C003B01FD /* DatePickerViewController.swift */,
				2DEC360D21CB4A4D0006A69C /* UISetting.swift */,
				2D23447B21C752B000CE4450 /* Main.storyboard */,
				2D23447E21C752CB00CE4450 /* Assets.xcassets */,
				2D23448021C752CB00CE4450 /* LaunchScreen.storyboard */,
				2D23448321C752CB00CE4450 /* Info.plist */,
			);
			path = datePickerTableView;
			sourceTree = "<group>";
		};
/* End PBXGroup section */

/* Begin PBXNativeTarget section */
		2D23447321C752AF00CE4450 /* datePickerTableView */ = {
			isa = PBXNativeTarget;
			buildConfigurationList = 2D23448621C752CB00CE4450 /* Build configuration list for PBXNativeTarget "datePickerTableView" */;
			buildPhases = (
				2D23447021C752AF00CE4450 /* Sources */,
				2D23447121C752AF00CE4450 /* Frameworks */,
				2D23447221C752AF00CE4450 /* Resources */,
			);
			buildRules = (
			);
			dependencies = (
			);
			name = datePickerTableView;
			productName = datePickerTableView;
			productReference = 2D23447421C752AF00CE4450 /* datePickerTableView.app */;
			productType = "com.apple.product-type.application";
		};
/* End PBXNativeTarget section */

/* Begin PBXProject section */
		2D23446C21C752AF00CE4450 /* Project object */ = {
			isa = PBXProject;
			attributes = {
				LastSwiftUpdateCheck = 1010;
				LastUpgradeCheck = 1010;
				ORGANIZATIONNAME = "Joshua Chang";
				TargetAttributes = {
					2D23447321C752AF00CE4450 = {
						CreatedOnToolsVersion = 10.1;
					};
				};
			};
			buildConfigurationList = 2D23446F21C752AF00CE4450 /* Build configuration list for PBXProject "datePickerTableView" */;
			compatibilityVersion = "Xcode 9.3";
			developmentRegion = en;
			hasScannedForEncodings = 0;
			knownRegions = (
				en,
				Base,
			);
			mainGroup = 2D23446B21C752AF00CE4450;
			productRefGroup = 2D23447521C752AF00CE4450 /* Products */;
			projectDirPath = "";
			projectRoot = "";
			targets = (
				2D23447321C752AF00CE4450 /* datePickerTableView */,
			);
		};
/* End PBXProject section */

/* Begin PBXResourcesBuildPhase section */
		2D23447221C752AF00CE4450 /* Resources */ = {
			isa = PBXResourcesBuildPhase;
			buildActionMask = 2147483647;
			files = (
				2D23448221C752CB00CE4450 /* LaunchScreen.storyboard in Resources */,
				2D23447F21C752CB00CE4450 /* Assets.xcassets in Resources */,
				2D23447D21C752B000CE4450 /* Main.storyboard in Resources */,
			);
			runOnlyForDeploymentPostprocessing = 0;
		};
/* End PBXResourcesBuildPhase section */

/* Begin PBXSourcesBuildPhase section */
		2D23447021C752AF00CE4450 /* Sources */ = {
			isa = PBXSourcesBuildPhase;
			buildActionMask = 2147483647;
			files = (
				2DEC360E21CB4A4D0006A69C /* UISetting.swift in Sources */,
				2D23447821C752AF00CE4450 /* AppDelegate.swift in Sources */,
				2D5EEA9621CA2C2C003B01FD /* DatePickerViewController.swift in Sources */,
				2D23448C21C7B02200CE4450 /* DatePickerTableViewController.swift in Sources */,
				2D5EEA9421CA2ACA003B01FD /* ViewController.swift in Sources */,
			);
			runOnlyForDeploymentPostprocessing = 0;
		};
/* End PBXSourcesBuildPhase section */

/* Begin PBXVariantGroup section */
		2D23447B21C752B000CE4450 /* Main.storyboard */ = {
			isa = PBXVariantGroup;
			children = (
				2D23447C21C752B000CE4450 /* Base */,
			);
			name = Main.storyboard;
			sourceTree = "<group>";
		};
		2D23448021C752CB00CE4450 /* LaunchScreen.storyboard */ = {
			isa = PBXVariantGroup;
			children = (
				2D23448121C752CB00CE4450 /* Base */,
			);
			name = LaunchScreen.storyboard;
			sourceTree = "<group>";
		};
/* End PBXVariantGroup section */

/* Begin XCBuildConfiguration section */
		2D23448421C752CB00CE4450 /* Debug */ = {
			isa = XCBuildConfiguration;
			buildSettings = {
				ALWAYS_SEARCH_USER_PATHS = NO;
				CLANG_ANALYZER_NONNULL = YES;
				CLANG_ANALYZER_NUMBER_OBJECT_CONVERSION = YES_AGGRESSIVE;
				CLANG_CXX_LANGUAGE_STANDARD = "gnu++14";
				CLANG_CXX_LIBRARY = "libc++";
				CLANG_ENABLE_MODULES = YES;
				CLANG_ENABLE_OBJC_ARC = YES;
				CLANG_ENABLE_OBJC_WEAK = YES;
				CLANG_WARN_BLOCK_CAPTURE_AUTORELEASING = YES;
				CLANG_WARN_BOOL_CONVERSION = YES;
				CLANG_WARN_COMMA = YES;
				CLANG_WARN_CONSTANT_CONVERSION = YES;
				CLANG_WARN_DEPRECATED_OBJC_IMPLEMENTATIONS = YES;
				CLANG_WARN_DIRECT_OBJC_ISA_USAGE = YES_ERROR;
				CLANG_WARN_DOCUMENTATION_COMMENTS = YES;
				CLANG_WARN_EMPTY_BODY = YES;
				CLANG_WARN_ENUM_CONVERSION = YES;
				CLANG_WARN_INFINITE_RECURSION = YES;
				CLANG_WARN_INT_CONVERSION = YES;
				CLANG_WARN_NON_LITERAL_NULL_CONVERSION = YES;
				CLANG_WARN_OBJC_IMPLICIT_RETAIN_SELF = YES;
				CLANG_WARN_OBJC_LITERAL_CONVERSION = YES;
				CLANG_WARN_OBJC_ROOT_CLASS = YES_ERROR;
				CLANG_WARN_RANGE_LOOP_ANALYSIS = YES;
				CLANG_WARN_STRICT_PROTOTYPES = YES;
				CLANG_WARN_SUSPICIOUS_MOVE = YES;
				CLANG_WARN_UNGUARDED_AVAILABILITY = YES_AGGRESSIVE;
				CLANG_WARN_UNREACHABLE_CODE = YES;
				CLANG_WARN__DUPLICATE_METHOD_MATCH = YES;
				CODE_SIGN_IDENTITY = "iPhone Developer";
				COPY_PHASE_STRIP = NO;
				DEBUG_INFORMATION_FORMAT = dwarf;
				ENABLE_STRICT_OBJC_MSGSEND = YES;
				ENABLE_TESTABILITY = YES;
				GCC_C_LANGUAGE_STANDARD = gnu11;
				GCC_DYNAMIC_NO_PIC = NO;
				GCC_NO_COMMON_BLOCKS = YES;
				GCC_OPTIMIZATION_LEVEL = 0;
				GCC_PREPROCESSOR_DEFINITIONS = (
					"DEBUG=1",
					"$(inherited)",
				);
				GCC_WARN_64_TO_32_BIT_CONVERSION = YES;
				GCC_WARN_ABOUT_RETURN_TYPE = YES_ERROR;
				GCC_WARN_UNDECLARED_SELECTOR = YES;
				GCC_WARN_UNINITIALIZED_AUTOS = YES_AGGRESSIVE;
				GCC_WARN_UNUSED_FUNCTION = YES;
				GCC_WARN_UNUSED_VARIABLE = YES;
				IPHONEOS_DEPLOYMENT_TARGET = 12.1;
				MTL_ENABLE_DEBUG_INFO = INCLUDE_SOURCE;
				MTL_FAST_MATH = YES;
				ONLY_ACTIVE_ARCH = YES;
				SDKROOT = iphoneos;
				SWIFT_ACTIVE_COMPILATION_CONDITIONS = DEBUG;
				SWIFT_OPTIMIZATION_LEVEL = "-Onone";
			};
			name = Debug;
		};
		2D23448521C752CB00CE4450 /* Release */ = {
			isa = XCBuildConfiguration;
			buildSettings = {
				ALWAYS_SEARCH_USER_PATHS = NO;
				CLANG_ANALYZER_NONNULL = YES;
				CLANG_ANALYZER_NUMBER_OBJECT_CONVERSION = YES_AGGRESSIVE;
				CLANG_CXX_LANGUAGE_STANDARD = "gnu++14";
				CLANG_CXX_LIBRARY = "libc++";
				CLANG_ENABLE_MODULES = YES;
				CLANG_ENABLE_OBJC_ARC = YES;
				CLANG_ENABLE_OBJC_WEAK = YES;
				CLANG_WARN_BLOCK_CAPTURE_AUTORELEASING = YES;
				CLANG_WARN_BOOL_CONVERSION = YES;
				CLANG_WARN_COMMA = YES;
				CLANG_WARN_CONSTANT_CONVERSION = YES;
				CLANG_WARN_DEPRECATED_OBJC_IMPLEMENTATIONS = YES;
				CLANG_WARN_DIRECT_OBJC_ISA_USAGE = YES_ERROR;
				CLANG_WARN_DOCUMENTATION_COMMENTS = YES;
				CLANG_WARN_EMPTY_BODY = YES;
				CLANG_WARN_ENUM_CONVERSION = YES;
				CLANG_WARN_INFINITE_RECURSION = YES;
				CLANG_WARN_INT_CONVERSION = YES;
				CLANG_WARN_NON_LITERAL_NULL_CONVERSION = YES;
				CLANG_WARN_OBJC_IMPLICIT_RETAIN_SELF = YES;
				CLANG_WARN_OBJC_LITERAL_CONVERSION = YES;
				CLANG_WARN_OBJC_ROOT_CLASS = YES_ERROR;
				CLANG_WARN_RANGE_LOOP_ANALYSIS = YES;
				CLANG_WARN_STRICT_PROTOTYPES = YES;
				CLANG_WARN_SUSPICIOUS_MOVE = YES;
				CLANG_WARN_UNGUARDED_AVAILABILITY = YES_AGGRESSIVE;
				CLANG_WARN_UNREACHABLE_CODE = YES;
				CLANG_WARN__DUPLICATE_METHOD_MATCH = YES;
				CODE_SIGN_IDENTITY = "iPhone Developer";
				COPY_PHASE_STRIP = NO;
				DEBUG_INFORMATION_FORMAT = "dwarf-with-dsym";
				ENABLE_NS_ASSERTIONS = NO;
				ENABLE_STRICT_OBJC_MSGSEND = YES;
				GCC_C_LANGUAGE_STANDARD = gnu11;
				GCC_NO_COMMON_BLOCKS = YES;
				GCC_WARN_64_TO_32_BIT_CONVERSION = YES;
				GCC_WARN_ABOUT_RETURN_TYPE = YES_ERROR;
				GCC_WARN_UNDECLARED_SELECTOR = YES;
				GCC_WARN_UNINITIALIZED_AUTOS = YES_AGGRESSIVE;
				GCC_WARN_UNUSED_FUNCTION = YES;
				GCC_WARN_UNUSED_VARIABLE = YES;
				IPHONEOS_DEPLOYMENT_TARGET = 12.1;
				MTL_ENABLE_DEBUG_INFO = NO;
				MTL_FAST_MATH = YES;
				SDKROOT = iphoneos;
				SWIFT_COMPILATION_MODE = wholemodule;
				SWIFT_OPTIMIZATION_LEVEL = "-O";
				VALIDATE_PRODUCT = YES;
			};
			name = Release;
		};
		2D23448721C752CB00CE4450 /* Debug */ = {
			isa = XCBuildConfiguration;
			buildSettings = {
				ASSETCATALOG_COMPILER_APPICON_NAME = AppIcon;
				CODE_SIGN_STYLE = Automatic;
				DEVELOPMENT_TEAM = AMUP7B5WV9;
				INFOPLIST_FILE = datePickerTableView/Info.plist;
				IPHONEOS_DEPLOYMENT_TARGET = 10.0;
				LD_RUNPATH_SEARCH_PATHS = (
					"$(inherited)",
					"@executable_path/Frameworks",
				);
				PRODUCT_BUNDLE_IDENTIFIER = com.competition.BTKM.datePickerTableView;
				PRODUCT_NAME = "$(TARGET_NAME)";
				SWIFT_VERSION = 4.2;
				TARGETED_DEVICE_FAMILY = "1,2";
			};
			name = Debug;
		};
		2D23448821C752CB00CE4450 /* Release */ = {
			isa = XCBuildConfiguration;
			buildSettings = {
				ASSETCATALOG_COMPILER_APPICON_NAME = AppIcon;
				CODE_SIGN_STYLE = Automatic;
				DEVELOPMENT_TEAM = AMUP7B5WV9;
				INFOPLIST_FILE = datePickerTableView/Info.plist;
				IPHONEOS_DEPLOYMENT_TARGET = 10.0;
				LD_RUNPATH_SEARCH_PATHS = (
					"$(inherited)",
					"@executable_path/Frameworks",
				);
				PRODUCT_BUNDLE_IDENTIFIER = com.competition.BTKM.datePickerTableView;
				PRODUCT_NAME = "$(TARGET_NAME)";
				SWIFT_VERSION = 4.2;
				TARGETED_DEVICE_FAMILY = "1,2";
			};
			name = Release;
		};
/* End XCBuildConfiguration section */

/* Begin XCConfigurationList section */
		2D23446F21C752AF00CE4450 /* Build configuration list for PBXProject "datePickerTableView" */ = {
			isa = XCConfigurationList;
			buildConfigurations = (
				2D23448421C752CB00CE4450 /* Debug */,
				2D23448521C752CB00CE4450 /* Release */,
			);
			defaultConfigurationIsVisible = 0;
			defaultConfigurationName = Release;
		};
		2D23448621C752CB00CE4450 /* Build configuration list for PBXNativeTarget "datePickerTableView" */ = {
			isa = XCConfigurationList;
			buildConfigurations = (
				2D23448721C752CB00CE4450 /* Debug */,
				2D23448821C752CB00CE4450 /* Release */,
			);
			defaultConfigurationIsVisible = 0;
			defaultConfigurationName = Release;
		};
/* End XCConfigurationList section */
	};
	rootObject = 2D23446C21C752AF00CE4450 /* Project object */;
}
